// !$*UTF8*$!
{
	archiveVersion = 1;
	classes = {
	};
	objectVersion = 50;
	objects = {

/* Begin PBXBuildFile section */
		183967A121881977007D0D4E /* AppDelegate.swift in Sources */ = {isa = PBXBuildFile; fileRef = 183967A021881977007D0D4E /* AppDelegate.swift */; };
		183967A321881977007D0D4E /* ViewController.swift in Sources */ = {isa = PBXBuildFile; fileRef = 183967A221881977007D0D4E /* ViewController.swift */; };
		183967A621881977007D0D4E /* Main.storyboard in Resources */ = {isa = PBXBuildFile; fileRef = 183967A421881977007D0D4E /* Main.storyboard */; };
		183967A82188197A007D0D4E /* Assets.xcassets in Resources */ = {isa = PBXBuildFile; fileRef = 183967A72188197A007D0D4E /* Assets.xcassets */; };
		183967AB2188197A007D0D4E /* LaunchScreen.storyboard in Resources */ = {isa = PBXBuildFile; fileRef = 183967A92188197A007D0D4E /* LaunchScreen.storyboard */; };
		183967B721881AD5007D0D4E /* ShadowView.swift in Sources */ = {isa = PBXBuildFile; fileRef = 183967B621881AD5007D0D4E /* ShadowView.swift */; };
		183967BA2188208F007D0D4E /* DateAlert.png in Resources */ = {isa = PBXBuildFile; fileRef = 183967B92188208F007D0D4E /* DateAlert.png */; };
		183967BC21882099007D0D4E /* LocationAlert.png in Resources */ = {isa = PBXBuildFile; fileRef = 183967BB21882099007D0D4E /* LocationAlert.png */; };
		183967BE218820A5007D0D4E /* TimeAlert.png in Resources */ = {isa = PBXBuildFile; fileRef = 183967BD218820A5007D0D4E /* TimeAlert.png */; };
		183967C021882B5B007D0D4E /* UNService.swift in Sources */ = {isa = PBXBuildFile; fileRef = 183967BF21882B5B007D0D4E /* UNService.swift */; };
		18645F4E218AE28000B398B0 /* AlertService.swift in Sources */ = {isa = PBXBuildFile; fileRef = 18645F4D218AE28000B398B0 /* AlertService.swift */; };
/* End PBXBuildFile section */

/* Begin PBXFileReference section */
		1839679D21881977007D0D4E /* Remind.app */ = {isa = PBXFileReference; explicitFileType = wrapper.application; includeInIndex = 0; path = Remind.app; sourceTree = BUILT_PRODUCTS_DIR; };
		183967A021881977007D0D4E /* AppDelegate.swift */ = {isa = PBXFileReference; lastKnownFileType = sourcecode.swift; path = AppDelegate.swift; sourceTree = "<group>"; };
		183967A221881977007D0D4E /* ViewController.swift */ = {isa = PBXFileReference; lastKnownFileType = sourcecode.swift; path = ViewController.swift; sourceTree = "<group>"; };
		183967A521881977007D0D4E /* Base */ = {isa = PBXFileReference; lastKnownFileType = file.storyboard; name = Base; path = Base.lproj/Main.storyboard; sourceTree = "<group>"; };
		183967A72188197A007D0D4E /* Assets.xcassets */ = {isa = PBXFileReference; lastKnownFileType = folder.assetcatalog; path = Assets.xcassets; sourceTree = "<group>"; };
		183967AA2188197A007D0D4E /* Base */ = {isa = PBXFileReference; lastKnownFileType = file.storyboard; name = Base; path = Base.lproj/LaunchScreen.storyboard; sourceTree = "<group>"; };
		183967AC2188197A007D0D4E /* Info.plist */ = {isa = PBXFileReference; lastKnownFileType = text.plist.xml; path = Info.plist; sourceTree = "<group>"; };
		183967B621881AD5007D0D4E /* ShadowView.swift */ = {isa = PBXFileReference; lastKnownFileType = sourcecode.swift; path = ShadowView.swift; sourceTree = "<group>"; };
		183967B92188208F007D0D4E /* DateAlert.png */ = {isa = PBXFileReference; lastKnownFileType = image.png; path = DateAlert.png; sourceTree = "<group>"; };
		183967BB21882099007D0D4E /* LocationAlert.png */ = {isa = PBXFileReference; lastKnownFileType = image.png; path = LocationAlert.png; sourceTree = "<group>"; };
		183967BD218820A5007D0D4E /* TimeAlert.png */ = {isa = PBXFileReference; lastKnownFileType = image.png; path = TimeAlert.png; sourceTree = "<group>"; };
		183967BF21882B5B007D0D4E /* UNService.swift */ = {isa = PBXFileReference; lastKnownFileType = sourcecode.swift; path = UNService.swift; sourceTree = "<group>"; };
		18645F4D218AE28000B398B0 /* AlertService.swift */ = {isa = PBXFileReference; lastKnownFileType = sourcecode.swift; path = AlertService.swift; sourceTree = "<group>"; };
/* End PBXFileReference section */

/* Begin PBXFrameworksBuildPhase section */
		1839679A21881977007D0D4E /* Frameworks */ = {
			isa = PBXFrameworksBuildPhase;
			buildActionMask = 2147483647;
			files = (
			);
			runOnlyForDeploymentPostprocessing = 0;
		};
/* End PBXFrameworksBuildPhase section */

/* Begin PBXGroup section */
		1839679421881977007D0D4E = {
			isa = PBXGroup;
			children = (
				1839679F21881977007D0D4E /* Remind */,
				1839679E21881977007D0D4E /* Products */,
			);
			sourceTree = "<group>";
		};
		1839679E21881977007D0D4E /* Products */ = {
			isa = PBXGroup;
			children = (
				1839679D21881977007D0D4E /* Remind.app */,
			);
			name = Products;
			sourceTree = "<group>";
		};
		1839679F21881977007D0D4E /* Remind */ = {
			isa = PBXGroup;
			children = (
				183967B5218819AA007D0D4E /* Model */,
				183967B4218819A2007D0D4E /* View */,
				183967B321881997007D0D4E /* Controller */,
				183967B221881989007D0D4E /* Service */,
				183967AC2188197A007D0D4E /* Info.plist */,
			);
			path = Remind;
			sourceTree = "<group>";
		};
		183967B221881989007D0D4E /* Service */ = {
			isa = PBXGroup;
			children = (
				183967BF21882B5B007D0D4E /* UNService.swift */,
				18645F4D218AE28000B398B0 /* AlertService.swift */,
			);
			path = Service;
			sourceTree = "<group>";
		};
		183967B321881997007D0D4E /* Controller */ = {
			isa = PBXGroup;
			children = (
				183967A021881977007D0D4E /* AppDelegate.swift */,
				183967A221881977007D0D4E /* ViewController.swift */,
			);
			path = Controller;
			sourceTree = "<group>";
		};
		183967B4218819A2007D0D4E /* View */ = {
			isa = PBXGroup;
			children = (
				183967B821882072007D0D4E /* Notification Asset */,
				183967A72188197A007D0D4E /* Assets.xcassets */,
				183967A421881977007D0D4E /* Main.storyboard */,
				183967A92188197A007D0D4E /* LaunchScreen.storyboard */,
				183967B621881AD5007D0D4E /* ShadowView.swift */,
			);
			path = View;
			sourceTree = "<group>";
		};
		183967B5218819AA007D0D4E /* Model */ = {
			isa = PBXGroup;
			children = (
			);
			path = Model;
			sourceTree = "<group>";
		};
		183967B821882072007D0D4E /* Notification Asset */ = {
			isa = PBXGroup;
			children = (
				183967B92188208F007D0D4E /* DateAlert.png */,
				183967BB21882099007D0D4E /* LocationAlert.png */,
				183967BD218820A5007D0D4E /* TimeAlert.png */,
			);
			path = "Notification Asset";
			sourceTree = "<group>";
		};
/* End PBXGroup section */

/* Begin PBXNativeTarget section */
		1839679C21881977007D0D4E /* Remind */ = {
			isa = PBXNativeTarget;
			buildConfigurationList = 183967AF2188197A007D0D4E /* Build configuration list for PBXNativeTarget "Remind" */;
			buildPhases = (
				1839679921881977007D0D4E /* Sources */,
				1839679A21881977007D0D4E /* Frameworks */,
				1839679B21881977007D0D4E /* Resources */,
			);
			buildRules = (
			);
			dependencies = (
			);
			name = Remind;
			productName = Remind;
			productReference = 1839679D21881977007D0D4E /* Remind.app */;
			productType = "com.apple.product-type.application";
		};
/* End PBXNativeTarget section */

/* Begin PBXProject section */
		1839679521881977007D0D4E /* Project object */ = {
			isa = PBXProject;
			attributes = {
				LastSwiftUpdateCheck = 1000;
				LastUpgradeCheck = 1000;
				ORGANIZATIONNAME = "Sohel Dhengre";
				TargetAttributes = {
					1839679C21881977007D0D4E = {
						CreatedOnToolsVersion = 10.0;
					};
				};
			};
			buildConfigurationList = 1839679821881977007D0D4E /* Build configuration list for PBXProject "Remind" */;
			compatibilityVersion = "Xcode 9.3";
			developmentRegion = en;
			hasScannedForEncodings = 0;
			knownRegions = (
				en,
				Base,
			);
			mainGroup = 1839679421881977007D0D4E;
			productRefGroup = 1839679E21881977007D0D4E /* Products */;
			projectDirPath = "";
			projectRoot = "";
			targets = (
				1839679C21881977007D0D4E /* Remind */,
			);
		};
/* End PBXProject section */

/* Begin PBXResourcesBuildPhase section */
		1839679B21881977007D0D4E /* Resources */ = {
			isa = PBXResourcesBuildPhase;
			buildActionMask = 2147483647;
			files = (
				183967AB2188197A007D0D4E /* LaunchScreen.storyboard in Resources */,
				183967A82188197A007D0D4E /* Assets.xcassets in Resources */,
				183967BC21882099007D0D4E /* LocationAlert.png in Resources */,
				183967BA2188208F007D0D4E /* DateAlert.png in Resources */,
				183967A621881977007D0D4E /* Main.storyboard in Resources */,
				183967BE218820A5007D0D4E /* TimeAlert.png in Resources */,
			);
			runOnlyForDeploymentPostprocessing = 0;
		};
/* End PBXResourcesBuildPhase section */

/* Begin PBXSourcesBuildPhase section */
		1839679921881977007D0D4E /* Sources */ = {
			isa = PBXSourcesBuildPhase;
			buildActionMask = 2147483647;
			files = (
				183967B721881AD5007D0D4E /* ShadowView.swift in Sources */,
				183967A321881977007D0D4E /* ViewController.swift in Sources */,
				183967C021882B5B007D0D4E /* UNService.swift in Sources */,
				183967A121881977007D0D4E /* AppDelegate.swift in Sources */,
				18645F4E218AE28000B398B0 /* AlertService.swift in Sources */,
			);
			runOnlyForDeploymentPostprocessing = 0;
		};
/* End PBXSourcesBuildPhase section */

/* Begin PBXVariantGroup section */
		183967A421881977007D0D4E /* Main.storyboard */ = {
			isa = PBXVariantGroup;
			children = (
				183967A521881977007D0D4E /* Base */,
			);
			name = Main.storyboard;
			sourceTree = "<group>";
		};
		183967A92188197A007D0D4E /* LaunchScreen.storyboard */ = {
			isa = PBXVariantGroup;
			children = (
				183967AA2188197A007D0D4E /* Base */,
			);
			name = LaunchScreen.storyboard;
			sourceTree = "<group>";
		};
/* End PBXVariantGroup section */

/* Begin XCBuildConfiguration section */
		183967AD2188197A007D0D4E /* Debug */ = {
			isa = XCBuildConfiguration;
			buildSettings = {
				ALWAYS_SEARCH_USER_PATHS = NO;
				CLANG_ANALYZER_NONNULL = YES;
				CLANG_ANALYZER_NUMBER_OBJECT_CONVERSION = YES_AGGRESSIVE;
				CLANG_CXX_LANGUAGE_STANDARD = "gnu++14";
				CLANG_CXX_LIBRARY = "libc++";
				CLANG_ENABLE_MODULES = YES;
				CLANG_ENABLE_OBJC_ARC = YES;
				CLANG_ENABLE_OBJC_WEAK = YES;
				CLANG_WARN_BLOCK_CAPTURE_AUTORELEASING = YES;
				CLANG_WARN_BOOL_CONVERSION = YES;
				CLANG_WARN_COMMA = YES;
				CLANG_WARN_CONSTANT_CONVERSION = YES;
				CLANG_WARN_DEPRECATED_OBJC_IMPLEMENTATIONS = YES;
				CLANG_WARN_DIRECT_OBJC_ISA_USAGE = YES_ERROR;
				CLANG_WARN_DOCUMENTATION_COMMENTS = YES;
				CLANG_WARN_EMPTY_BODY = YES;
				CLANG_WARN_ENUM_CONVERSION = YES;
				CLANG_WARN_INFINITE_RECURSION = YES;
				CLANG_WARN_INT_CONVERSION = YES;
				CLANG_WARN_NON_LITERAL_NULL_CONVERSION = YES;
				CLANG_WARN_OBJC_IMPLICIT_RETAIN_SELF = YES;
				CLANG_WARN_OBJC_LITERAL_CONVERSION = YES;
				CLANG_WARN_OBJC_ROOT_CLASS = YES_ERROR;
				CLANG_WARN_RANGE_LOOP_ANALYSIS = YES;
				CLANG_WARN_STRICT_PROTOTYPES = YES;
				CLANG_WARN_SUSPICIOUS_MOVE = YES;
				CLANG_WARN_UNGUARDED_AVAILABILITY = YES_AGGRESSIVE;
				CLANG_WARN_UNREACHABLE_CODE = YES;
				CLANG_WARN__DUPLICATE_METHOD_MATCH = YES;
				CODE_SIGN_IDENTITY = "iPhone Developer";
				COPY_PHASE_STRIP = NO;
				DEBUG_INFORMATION_FORMAT = dwarf;
				ENABLE_STRICT_OBJC_MSGSEND = YES;
				ENABLE_TESTABILITY = YES;
				GCC_C_LANGUAGE_STANDARD = gnu11;
				GCC_DYNAMIC_NO_PIC = NO;
				GCC_NO_COMMON_BLOCKS = YES;
				GCC_OPTIMIZATION_LEVEL = 0;
				GCC_PREPROCESSOR_DEFINITIONS = (
					"DEBUG=1",
					"$(inherited)",
				);
				GCC_WARN_64_TO_32_BIT_CONVERSION = YES;
				GCC_WARN_ABOUT_RETURN_TYPE = YES_ERROR;
				GCC_WARN_UNDECLARED_SELECTOR = YES;
				GCC_WARN_UNINITIALIZED_AUTOS = YES_AGGRESSIVE;
				GCC_WARN_UNUSED_FUNCTION = YES;
				GCC_WARN_UNUSED_VARIABLE = YES;
				IPHONEOS_DEPLOYMENT_TARGET = 12.0;
				MTL_ENABLE_DEBUG_INFO = INCLUDE_SOURCE;
				MTL_FAST_MATH = YES;
				ONLY_ACTIVE_ARCH = YES;
				SDKROOT = iphoneos;
				SWIFT_ACTIVE_COMPILATION_CONDITIONS = DEBUG;
				SWIFT_OPTIMIZATION_LEVEL = "-Onone";
			};
			name = Debug;
		};
		183967AE2188197A007D0D4E /* Release */ = {
			isa = XCBuildConfiguration;
			buildSettings = {
				ALWAYS_SEARCH_USER_PATHS = NO;
				CLANG_ANALYZER_NONNULL = YES;
				CLANG_ANALYZER_NUMBER_OBJECT_CONVERSION = YES_AGGRESSIVE;
				CLANG_CXX_LANGUAGE_STANDARD = "gnu++14";
				CLANG_CXX_LIBRARY = "libc++";
				CLANG_ENABLE_MODULES = YES;
				CLANG_ENABLE_OBJC_ARC = YES;
				CLANG_ENABLE_OBJC_WEAK = YES;
				CLANG_WARN_BLOCK_CAPTURE_AUTORELEASING = YES;
				CLANG_WARN_BOOL_CONVERSION = YES;
				CLANG_WARN_COMMA = YES;
				CLANG_WARN_CONSTANT_CONVERSION = YES;
				CLANG_WARN_DEPRECATED_OBJC_IMPLEMENTATIONS = YES;
				CLANG_WARN_DIRECT_OBJC_ISA_USAGE = YES_ERROR;
				CLANG_WARN_DOCUMENTATION_COMMENTS = YES;
				CLANG_WARN_EMPTY_BODY = YES;
				CLANG_WARN_ENUM_CONVERSION = YES;
				CLANG_WARN_INFINITE_RECURSION = YES;
				CLANG_WARN_INT_CONVERSION = YES;
				CLANG_WARN_NON_LITERAL_NULL_CONVERSION = YES;
				CLANG_WARN_OBJC_IMPLICIT_RETAIN_SELF = YES;
				CLANG_WARN_OBJC_LITERAL_CONVERSION = YES;
				CLANG_WARN_OBJC_ROOT_CLASS = YES_ERROR;
				CLANG_WARN_RANGE_LOOP_ANALYSIS = YES;
				CLANG_WARN_STRICT_PROTOTYPES = YES;
				CLANG_WARN_SUSPICIOUS_MOVE = YES;
				CLANG_WARN_UNGUARDED_AVAILABILITY = YES_AGGRESSIVE;
				CLANG_WARN_UNREACHABLE_CODE = YES;
				CLANG_WARN__DUPLICATE_METHOD_MATCH = YES;
				CODE_SIGN_IDENTITY = "iPhone Developer";
				COPY_PHASE_STRIP = NO;
				DEBUG_INFORMATION_FORMAT = "dwarf-with-dsym";
				ENABLE_NS_ASSERTIONS = NO;
				ENABLE_STRICT_OBJC_MSGSEND = YES;
				GCC_C_LANGUAGE_STANDARD = gnu11;
				GCC_NO_COMMON_BLOCKS = YES;
				GCC_WARN_64_TO_32_BIT_CONVERSION = YES;
				GCC_WARN_ABOUT_RETURN_TYPE = YES_ERROR;
				GCC_WARN_UNDECLARED_SELECTOR = YES;
				GCC_WARN_UNINITIALIZED_AUTOS = YES_AGGRESSIVE;
				GCC_WARN_UNUSED_FUNCTION = YES;
				GCC_WARN_UNUSED_VARIABLE = YES;
				IPHONEOS_DEPLOYMENT_TARGET = 12.0;
				MTL_ENABLE_DEBUG_INFO = NO;
				MTL_FAST_MATH = YES;
				SDKROOT = iphoneos;
				SWIFT_COMPILATION_MODE = wholemodule;
				SWIFT_OPTIMIZATION_LEVEL = "-O";
				VALIDATE_PRODUCT = YES;
			};
			name = Release;
		};
		183967B02188197A007D0D4E /* Debug */ = {
			isa = XCBuildConfiguration;
			buildSettings = {
				ASSETCATALOG_COMPILER_APPICON_NAME = AppIcon;
				CODE_SIGN_STYLE = Automatic;
				INFOPLIST_FILE = Remind/Info.plist;
				LD_RUNPATH_SEARCH_PATHS = (
					"$(inherited)",
					"@executable_path/Frameworks",
				);
				PRODUCT_BUNDLE_IDENTIFIER = One61.Remind;
				PRODUCT_NAME = "$(TARGET_NAME)";
				SWIFT_VERSION = 4.2;
				TARGETED_DEVICE_FAMILY = "1,2";
			};
			name = Debug;
		};
		183967B12188197A007D0D4E /* Release */ = {
			isa = XCBuildConfiguration;
			buildSettings = {
				ASSETCATALOG_COMPILER_APPICON_NAME = AppIcon;
				CODE_SIGN_STYLE = Automatic;
				INFOPLIST_FILE = Remind/Info.plist;
				LD_RUNPATH_SEARCH_PATHS = (
					"$(inherited)",
					"@executable_path/Frameworks",
				);
				PRODUCT_BUNDLE_IDENTIFIER = One61.Remind;
				PRODUCT_NAME = "$(TARGET_NAME)";
				SWIFT_VERSION = 4.2;
				TARGETED_DEVICE_FAMILY = "1,2";
			};
			name = Release;
		};
/* End XCBuildConfiguration section */

/* Begin XCConfigurationList section */
		1839679821881977007D0D4E /* Build configuration list for PBXProject "Remind" */ = {
			isa = XCConfigurationList;
			buildConfigurations = (
				183967AD2188197A007D0D4E /* Debug */,
				183967AE2188197A007D0D4E /* Release */,
			);
			defaultConfigurationIsVisible = 0;
			defaultConfigurationName = Release;
		};
		183967AF2188197A007D0D4E /* Build configuration list for PBXNativeTarget "Remind" */ = {
			isa = XCConfigurationList;
			buildConfigurations = (
				183967B02188197A007D0D4E /* Debug */,
				183967B12188197A007D0D4E /* Release */,
			);
			defaultConfigurationIsVisible = 0;
			defaultConfigurationName = Release;
		};
/* End XCConfigurationList section */
	};
	rootObject = 1839679521881977007D0D4E /* Project object */;
}
